{
  "format_version": "1.0",
  "terraform_version": "1.1.3",
  "variables": {
    "aws_account_id": {
      "value": "12345678910"
    },
    "aws_region": {
      "value": "us-east-1"
    },
    "environment_name": {
      "value": "dev"
    }
  },
  "planned_values": {
    "outputs": {
      "our_pets": {
        "sensitive": false
      }
    },
    "root_module": {
      "resources": [
        {
          "address": "random_pet.will_it_be_cats[0]",
          "mode": "managed",
          "type": "random_pet",
          "name": "will_it_be_cats",
          "index": 0,
          "provider_name": "registry.terraform.io/hashicorp/random",
          "schema_version": 0,
          "values": {
            "keepers": null,
            "length": 3,
            "prefix": null,
            "separator": "-"
          },
          "sensitive_values": {}
        },
        {
          "address": "random_pet.will_it_be_cats[1]",
          "mode": "managed",
          "type": "random_pet",
          "name": "will_it_be_cats",
          "index": 1,
          "provider_name": "registry.terraform.io/hashicorp/random",
          "schema_version": 0,
          "values": {
            "keepers": null,
            "length": 3,
            "prefix": null,
            "separator": "-"
          },
          "sensitive_values": {}
        },
        {
          "address": "random_pet.will_it_be_cats[2]",
          "mode": "managed",
          "type": "random_pet",
          "name": "will_it_be_cats",
          "index": 2,
          "provider_name": "registry.terraform.io/hashicorp/random",
          "schema_version": 0,
          "values": {
            "keepers": null,
            "length": 3,
            "prefix": null,
            "separator": "-"
          },
          "sensitive_values": {}
        },
        {
          "address": "random_pet.will_it_be_cats[3]",
          "mode": "managed",
          "type": "random_pet",
          "name": "will_it_be_cats",
          "index": 3,
          "provider_name": "registry.terraform.io/hashicorp/random",
          "schema_version": 0,
          "values": {
            "keepers": null,
            "length": 3,
            "prefix": null,
            "separator": "-"
          },
          "sensitive_values": {}
        },
        {
          "address": "random_pet.will_it_be_cats[4]",
          "mode": "managed",
          "type": "random_pet",
          "name": "will_it_be_cats",
          "index": 4,
          "provider_name": "registry.terraform.io/hashicorp/random",
          "schema_version": 0,
          "values": {
            "keepers": null,
            "length": 3,
            "prefix": null,
            "separator": "-"
          },
          "sensitive_values": {}
        },
        {
          "address": "random_pet.will_it_be_cats[5]",
          "mode": "managed",
          "type": "random_pet",
          "name": "will_it_be_cats",
          "index": 5,
          "provider_name": "registry.terraform.io/hashicorp/random",
          "schema_version": 0,
          "values": {
            "keepers": null,
            "length": 3,
            "prefix": null,
            "separator": "-"
          },
          "sensitive_values": {}
        },
        {
          "address": "random_pet.will_it_be_cats[6]",
          "mode": "managed",
          "type": "random_pet",
          "name": "will_it_be_cats",
          "index": 6,
          "provider_name": "registry.terraform.io/hashicorp/random",
          "schema_version": 0,
          "values": {
            "keepers": null,
            "length": 3,
            "prefix": null,
            "separator": "-"
          },
          "sensitive_values": {}
        },
        {
          "address": "random_pet.will_it_be_cats[7]",
          "mode": "managed",
          "type": "random_pet",
          "name": "will_it_be_cats",
          "index": 7,
          "provider_name": "registry.terraform.io/hashicorp/random",
          "schema_version": 0,
          "values": {
            "keepers": null,
            "length": 3,
            "prefix": null,
            "separator": "-"
          },
          "sensitive_values": {}
        },
        {
          "address": "random_pet.will_it_be_cats[8]",
          "mode": "managed",
          "type": "random_pet",
          "name": "will_it_be_cats",
          "index": 8,
          "provider_name": "registry.terraform.io/hashicorp/random",
          "schema_version": 0,
          "values": {
            "keepers": null,
            "length": 3,
            "prefix": null,
            "separator": "-"
          },
          "sensitive_values": {}
        },
        {
          "address": "random_pet.will_it_be_cats[9]",
          "mode": "managed",
          "type": "random_pet",
          "name": "will_it_be_cats",
          "index": 9,
          "provider_name": "registry.terraform.io/hashicorp/random",
          "schema_version": 0,
          "values": {
            "keepers": null,
            "length": 3,
            "prefix": null,
            "separator": "-"
          },
          "sensitive_values": {}
        }
      ],
      "child_modules": []
    }
  },
  "resource_changes": [
    {
      "address": "random_pet.will_it_be_cats[0]",
      "previous_address": "random_pet.will_it_be_cats",
      "mode": "managed",
      "type": "random_pet",
      "name": "will_it_be_cats",
      "index": 0,
      "provider_name": "registry.terraform.io/hashicorp/random",
      "change": {
        "actions": [
          "delete",
          "create"
        ],
        "before": {
          "id": "terminally-eminently-proper-donkey",
          "keepers": null,
          "length": 4,
          "prefix": null,
          "separator": "-"
        },
        "after": {
          "keepers": null,
          "length": 3,
          "prefix": null,
          "separator": "-"
        },
        "after_unknown": {
          "id": true
        },
        "before_sensitive": {},
        "after_sensitive": {},
        "replace_paths": [
          [
            "length"
          ]
        ]
      },
      "action_reason": "replace_because_cannot_update"
    },
    {
      "address": "random_pet.will_it_be_cats[1]",
      "mode": "managed",
      "type": "random_pet",
      "name": "will_it_be_cats",
      "index": 1,
      "provider_name": "registry.terraform.io/hashicorp/random",
      "change": {
        "actions": [
          "create"
        ],
        "before": null,
        "after": {
          "keepers": null,
          "length": 3,
          "prefix": null,
          "separator": "-"
        },
        "after_unknown": {
          "id": true
        },
        "before_sensitive": false,
        "after_sensitive": {}
      }
    },
    {
      "address": "random_pet.will_it_be_cats[2]",
      "mode": "managed",
      "type": "random_pet",
      "name": "will_it_be_cats",
      "index": 2,
      "provider_name": "registry.terraform.io/hashicorp/random",
      "change": {
        "actions": [
          "create"
        ],
        "before": null,
        "after": {
          "keepers": null,
          "length": 3,
          "prefix": null,
          "separator": "-"
        },
        "after_unknown": {
          "id": true
        },
        "before_sensitive": false,
        "after_sensitive": {}
      }
    },
    {
      "address": "random_pet.will_it_be_cats[3]",
      "mode": "managed",
      "type": "random_pet",
      "name": "will_it_be_cats",
      "index": 3,
      "provider_name": "registry.terraform.io/hashicorp/random",
      "change": {
        "actions": [
          "create"
        ],
        "before": null,
        "after": {
          "keepers": null,
          "length": 3,
          "prefix": null,
          "separator": "-"
        },
        "after_unknown": {
          "id": true
        },
        "before_sensitive": false,
        "after_sensitive": {}
      }
    },
    {
      "address": "random_pet.will_it_be_cats[4]",
      "mode": "managed",
      "type": "random_pet",
      "name": "will_it_be_cats",
      "index": 4,
      "provider_name": "registry.terraform.io/hashicorp/random",
      "change": {
        "actions": [
          "create"
        ],
        "before": null,
        "after": {
          "keepers": null,
          "length": 3,
          "prefix": null,
          "separator": "-"
        },
        "after_unknown": {
          "id": true
        },
        "before_sensitive": false,
        "after_sensitive": {}
      }
    },
    {
      "address": "random_pet.will_it_be_cats[5]",
      "mode": "managed",
      "type": "random_pet",
      "name": "will_it_be_cats",
      "index": 5,
      "provider_name": "registry.terraform.io/hashicorp/random",
      "change": {
        "actions": [
          "create"
        ],
        "before": null,
        "after": {
          "keepers": null,
          "length": 3,
          "prefix": null,
          "separator": "-"
        },
        "after_unknown": {
          "id": true
        },
        "before_sensitive": false,
        "after_sensitive": {}
      }
    },
    {
      "address": "random_pet.will_it_be_cats[6]",
      "mode": "managed",
      "type": "random_pet",
      "name": "will_it_be_cats",
      "index": 6,
      "provider_name": "registry.terraform.io/hashicorp/random",
      "change": {
        "actions": [
          "create"
        ],
        "before": null,
        "after": {
          "keepers": null,
          "length": 3,
          "prefix": null,
          "separator": "-"
        },
        "after_unknown": {
          "id": true
        },
        "before_sensitive": false,
        "after_sensitive": {}
      }
    },
    {
      "address": "random_pet.will_it_be_cats[7]",
      "mode": "managed",
      "type": "random_pet",
      "name": "will_it_be_cats",
      "index": 7,
      "provider_name": "registry.terraform.io/hashicorp/random",
      "change": {
        "actions": [
          "create"
        ],
        "before": null,
        "after": {
          "keepers": null,
          "length": 3,
          "prefix": null,
          "separator": "-"
        },
        "after_unknown": {
          "id": true
        },
        "before_sensitive": false,
        "after_sensitive": {}
      }
    },
    {
      "address": "random_pet.will_it_be_cats[8]",
      "mode": "managed",
      "type": "random_pet",
      "name": "will_it_be_cats",
      "index": 8,
      "provider_name": "registry.terraform.io/hashicorp/random",
      "change": {
        "actions": [
          "create"
        ],
        "before": null,
        "after": {
          "keepers": null,
          "length": 3,
          "prefix": null,
          "separator": "-"
        },
        "after_unknown": {
          "id": true
        },
        "before_sensitive": false,
        "after_sensitive": {}
      }
    },
    {
      "address": "random_pet.will_it_be_cats[9]",
      "mode": "managed",
      "type": "random_pet",
      "name": "will_it_be_cats",
      "index": 9,
      "provider_name": "registry.terraform.io/hashicorp/random",
      "change": {
        "actions": [
          "create"
        ],
        "before": null,
        "after": {
          "keepers": null,
          "length": 3,
          "prefix": null,
          "separator": "-"
        },
        "after_unknown": {
          "id": true
        },
        "before_sensitive": false,
        "after_sensitive": {}
      }
    }
  ],
  "output_changes": {
    "our_pet": {
      "actions": [
        "delete"
      ],
      "before": "terminally-eminently-proper-donkey",
      "after": null,
      "after_unknown": false,
      "before_sensitive": false,
      "after_sensitive": false
    },
    "our_pets": {
      "actions": [
        "create"
      ],
      "before": null,
      "after_unknown": true,
      "before_sensitive": false,
      "after_sensitive": false
    }
  },
  "prior_state": {
    "format_version": "1.0",
    "terraform_version": "1.1.3",
    "values": {
      "outputs": {
        "our_pet": {
          "sensitive": false,
          "value": "terminally-eminently-proper-donkey"
        }
      },
      "root_module": {
        "resources": [
          {
            "address": "random_pet.will_it_be_cats[0]",
            "mode": "managed",
            "type": "random_pet",
            "name": "will_it_be_cats",
            "index": 0,
            "provider_name": "registry.terraform.io/hashicorp/random",
            "schema_version": 0,
            "values": {
              "id": "terminally-eminently-proper-donkey",
              "keepers": null,
              "length": 4,
              "prefix": null,
              "separator": "-"
            },
            "sensitive_values": {}
          }
        ],
        "child_modules": []
      }
    }
  },
  "configuration": {
    "provider_config": {
      "aws": {
        "name": "aws",
        "expressions": {
          "allowed_account_ids": {
            "constant_value": [
              12345678910
            ]
          },
          "region": {
            "constant_value": "us-east-1"
          }
        }
      }
    },
    "root_module": {
      "outputs": {
        "our_pets": {
          "expression": {
            "references": [
              "random_pet.will_it_be_cats"
            ]
          }
        }
      },
      "resources": [
        {
          "address": "random_pet.will_it_be_cats",
          "mode": "managed",
          "type": "random_pet",
          "name": "will_it_be_cats",
          "provider_config_key": "random",
          "expressions": {
            "length": {
              "constant_value": 3
            },
            "separator": {
              "constant_value": "-"
            }
          },
          "schema_version": 0,
          "count_expression": {
            "constant_value": 10
          }
        }
      ],
      "module_calls": {},
      "variables": {
        "aws_account_id": {
          "default": "12345678910"
        },
        "aws_region": {
          "default": "us-east-1"
        },
        "environment_name": {
          "default": "dev"
        }
      }
    }
  }
}
