{
  "format_version": "1.2",
  "terraform_version": "1.5.3",
  "planned_values": {
    "root_module": {
      "resources": [
        {
          "address": "random_pet.will_it_be_cats[0]",
          "mode": "managed",
          "type": "random_pet",
          "name": "will_it_be_cats",
          "index": 0,
          "provider_name": "registry.terraform.io/hashicorp/random",
          "schema_version": 0,
          "values": {
            "keepers": {},
            "length": 2,
            "prefix": null,
            "separator": "-"
          },
          "sensitive_values": {
            "keepers": {}
          }
        },
        {
          "address": "random_pet.will_it_be_cats[1]",
          "mode": "managed",
          "type": "random_pet",
          "name": "will_it_be_cats",
          "index": 1,
          "provider_name": "registry.terraform.io/hashicorp/random",
          "schema_version": 0,
          "values": {
            "keepers": {},
            "length": 2,
            "prefix": null,
            "separator": "-"
          },
          "sensitive_values": {
            "keepers": {}
          }
        },
        {
          "address": "random_pet.will_it_be_cats[2]",
          "mode": "managed",
          "type": "random_pet",
          "name": "will_it_be_cats",
          "index": 2,
          "provider_name": "registry.terraform.io/hashicorp/random",
          "schema_version": 0,
          "values": {
            "keepers": {},
            "length": 2,
            "prefix": null,
            "separator": "-"
          },
          "sensitive_values": {
            "keepers": {}
          }
        },
        {
          "address": "random_pet.will_it_be_cats[3]",
          "mode": "managed",
          "type": "random_pet",
          "name": "will_it_be_cats",
          "index": 3,
          "provider_name": "registry.terraform.io/hashicorp/random",
          "schema_version": 0,
          "values": {
            "keepers": {},
            "length": 2,
            "prefix": null,
            "separator": "-"
          },
          "sensitive_values": {
            "keepers": {}
          }
        },
        {
          "address": "random_pet.will_it_be_cats[4]",
          "mode": "managed",
          "type": "random_pet",
          "name": "will_it_be_cats",
          "index": 4,
          "provider_name": "registry.terraform.io/hashicorp/random",
          "schema_version": 0,
          "values": {
            "keepers": {},
            "length": 2,
            "prefix": null,
            "separator": "-"
          },
          "sensitive_values": {
            "keepers": {}
          }
        },
        {
          "address": "random_pet.will_it_be_cats[5]",
          "mode": "managed",
          "type": "random_pet",
          "name": "will_it_be_cats",
          "index": 5,
          "provider_name": "registry.terraform.io/hashicorp/random",
          "schema_version": 0,
          "values": {
            "keepers": {},
            "length": 2,
            "prefix": null,
            "separator": "-"
          },
          "sensitive_values": {
            "keepers": {}
          }
        },
        {
          "address": "random_pet.will_it_be_cats[6]",
          "mode": "managed",
          "type": "random_pet",
          "name": "will_it_be_cats",
          "index": 6,
          "provider_name": "registry.terraform.io/hashicorp/random",
          "schema_version": 0,
          "values": {
            "keepers": {},
            "length": 2,
            "prefix": null,
            "separator": "-"
          },
          "sensitive_values": {
            "keepers": {}
          }
        },
        {
          "address": "random_pet.will_it_be_cats[7]",
          "mode": "managed",
          "type": "random_pet",
          "name": "will_it_be_cats",
          "index": 7,
          "provider_name": "registry.terraform.io/hashicorp/random",
          "schema_version": 0,
          "values": {
            "keepers": {},
            "length": 2,
            "prefix": null,
            "separator": "-"
          },
          "sensitive_values": {
            "keepers": {}
          }
        },
        {
          "address": "random_pet.will_it_be_cats[8]",
          "mode": "managed",
          "type": "random_pet",
          "name": "will_it_be_cats",
          "index": 8,
          "provider_name": "registry.terraform.io/hashicorp/random",
          "schema_version": 0,
          "values": {
            "keepers": {},
            "length": 2,
            "prefix": null,
            "separator": "-"
          },
          "sensitive_values": {
            "keepers": {}
          }
        },
        {
          "address": "random_pet.will_it_be_cats[9]",
          "mode": "managed",
          "type": "random_pet",
          "name": "will_it_be_cats",
          "index": 9,
          "provider_name": "registry.terraform.io/hashicorp/random",
          "schema_version": 0,
          "values": {
            "keepers": {},
            "length": 2,
            "prefix": null,
            "separator": "-"
          },
          "sensitive_values": {
            "keepers": {}
          }
        }
      ]
    }
  },
  "resource_changes": [
    {
      "address": "random_pet.will_it_be_cats[0]",
      "previous_address": "random_pet.will_it_be_cats",
      "mode": "managed",
      "type": "random_pet",
      "name": "will_it_be_cats",
      "index": 0,
      "provider_name": "registry.terraform.io/hashicorp/random",
      "change": {
        "actions": [
          "delete",
          "create"
        ],
        "before": {
          "id": "suddenly-cleanly-secure-parakeet",
          "keepers": {},
          "length": 4,
          "prefix": null,
          "separator": "-"
        },
        "after": {
          "keepers": {},
          "length": 2,
          "prefix": null,
          "separator": "-"
        },
        "after_unknown": {
          "id": true,
          "keepers": {}
        },
        "before_sensitive": {
          "keepers": {}
        },
        "after_sensitive": {
          "keepers": {}
        },
        "replace_paths": [
          [
            "length"
          ]
        ]
      },
      "action_reason": "replace_because_cannot_update"
    },
    {
      "address": "random_pet.will_it_be_cats[1]",
      "mode": "managed",
      "type": "random_pet",
      "name": "will_it_be_cats",
      "index": 1,
      "provider_name": "registry.terraform.io/hashicorp/random",
      "change": {
        "actions": [
          "create"
        ],
        "before": null,
        "after": {
          "keepers": {},
          "length": 2,
          "prefix": null,
          "separator": "-"
        },
        "after_unknown": {
          "id": true,
          "keepers": {}
        },
        "before_sensitive": false,
        "after_sensitive": {
          "keepers": {}
        }
      }
    },
    {
      "address": "random_pet.will_it_be_cats[2]",
      "mode": "managed",
      "type": "random_pet",
      "name": "will_it_be_cats",
      "index": 2,
      "provider_name": "registry.terraform.io/hashicorp/random",
      "change": {
        "actions": [
          "create"
        ],
        "before": null,
        "after": {
          "keepers": {},
          "length": 2,
          "prefix": null,
          "separator": "-"
        },
        "after_unknown": {
          "id": true,
          "keepers": {}
        },
        "before_sensitive": false,
        "after_sensitive": {
          "keepers": {}
        }
      }
    },
    {
      "address": "random_pet.will_it_be_cats[3]",
      "mode": "managed",
      "type": "random_pet",
      "name": "will_it_be_cats",
      "index": 3,
      "provider_name": "registry.terraform.io/hashicorp/random",
      "change": {
        "actions": [
          "create"
        ],
        "before": null,
        "after": {
          "keepers": {},
          "length": 2,
          "prefix": null,
          "separator": "-"
        },
        "after_unknown": {
          "id": true,
          "keepers": {}
        },
        "before_sensitive": false,
        "after_sensitive": {
          "keepers": {}
        }
      }
    },
    {
      "address": "random_pet.will_it_be_cats[4]",
      "mode": "managed",
      "type": "random_pet",
      "name": "will_it_be_cats",
      "index": 4,
      "provider_name": "registry.terraform.io/hashicorp/random",
      "change": {
        "actions": [
          "create"
        ],
        "before": null,
        "after": {
          "keepers": {},
          "length": 2,
          "prefix": null,
          "separator": "-"
        },
        "after_unknown": {
          "id": true,
          "keepers": {}
        },
        "before_sensitive": false,
        "after_sensitive": {
          "keepers": {}
        }
      }
    },
    {
      "address": "random_pet.will_it_be_cats[5]",
      "mode": "managed",
      "type": "random_pet",
      "name": "will_it_be_cats",
      "index": 5,
      "provider_name": "registry.terraform.io/hashicorp/random",
      "change": {
        "actions": [
          "create"
        ],
        "before": null,
        "after": {
          "keepers": {},
          "length": 2,
          "prefix": null,
          "separator": "-"
        },
        "after_unknown": {
          "id": true,
          "keepers": {}
        },
        "before_sensitive": false,
        "after_sensitive": {
          "keepers": {}
        }
      }
    },
    {
      "address": "random_pet.will_it_be_cats[6]",
      "mode": "managed",
      "type": "random_pet",
      "name": "will_it_be_cats",
      "index": 6,
      "provider_name": "registry.terraform.io/hashicorp/random",
      "change": {
        "actions": [
          "create"
        ],
        "before": null,
        "after": {
          "keepers": {},
          "length": 2,
          "prefix": null,
          "separator": "-"
        },
        "after_unknown": {
          "id": true,
          "keepers": {}
        },
        "before_sensitive": false,
        "after_sensitive": {
          "keepers": {}
        }
      }
    },
    {
      "address": "random_pet.will_it_be_cats[7]",
      "mode": "managed",
      "type": "random_pet",
      "name": "will_it_be_cats",
      "index": 7,
      "provider_name": "registry.terraform.io/hashicorp/random",
      "change": {
        "actions": [
          "create"
        ],
        "before": null,
        "after": {
          "keepers": {},
          "length": 2,
          "prefix": null,
          "separator": "-"
        },
        "after_unknown": {
          "id": true,
          "keepers": {}
        },
        "before_sensitive": false,
        "after_sensitive": {
          "keepers": {}
        }
      }
    },
    {
      "address": "random_pet.will_it_be_cats[8]",
      "mode": "managed",
      "type": "random_pet",
      "name": "will_it_be_cats",
      "index": 8,
      "provider_name": "registry.terraform.io/hashicorp/random",
      "change": {
        "actions": [
          "create"
        ],
        "before": null,
        "after": {
          "keepers": {},
          "length": 2,
          "prefix": null,
          "separator": "-"
        },
        "after_unknown": {
          "id": true,
          "keepers": {}
        },
        "before_sensitive": false,
        "after_sensitive": {
          "keepers": {}
        }
      }
    },
    {
      "address": "random_pet.will_it_be_cats[9]",
      "mode": "managed",
      "type": "random_pet",
      "name": "will_it_be_cats",
      "index": 9,
      "provider_name": "registry.terraform.io/hashicorp/random",
      "change": {
        "actions": [
          "create"
        ],
        "before": null,
        "after": {
          "keepers": {},
          "length": 2,
          "prefix": null,
          "separator": "-"
        },
        "after_unknown": {
          "id": true,
          "keepers": {}
        },
        "before_sensitive": false,
        "after_sensitive": {
          "keepers": {}
        }
      }
    }
  ],
  "prior_state": {
    "format_version": "1.0",
    "terraform_version": "1.5.3",
    "values": {
      "root_module": {
        "resources": [
          {
            "address": "random_pet.will_it_be_cats[0]",
            "mode": "managed",
            "type": "random_pet",
            "name": "will_it_be_cats",
            "index": 0,
            "provider_name": "registry.terraform.io/hashicorp/random",
            "schema_version": 0,
            "values": {
              "id": "suddenly-cleanly-secure-parakeet",
              "keepers": {},
              "length": 4,
              "prefix": null,
              "separator": "-"
            },
            "sensitive_values": {
              "keepers": {}
            }
          }
        ]
      }
    }
  },
  "configuration": {
    "provider_config": {
      "random": {
        "name": "random",
        "full_name": "registry.terraform.io/hashicorp/random"
      }
    },
    "root_module": {
      "resources": [
        {
          "address": "random_pet.will_it_be_cats",
          "mode": "managed",
          "type": "random_pet",
          "name": "will_it_be_cats",
          "provider_config_key": "random",
          "expressions": {
            "keepers": {
              "constant_value": {}
            },
            "length": {
              "constant_value": 2
            }
          },
          "schema_version": 0,
          "count_expression": {
            "constant_value": 10
          }
        }
      ]
    }
  },
  "timestamp": "2023-07-20T15:04:40Z"
}
