{
  "format_version": "1.2",
  "terraform_version": "1.5.3",
  "planned_values": {
    "root_module": {
      "resources": [
        {
          "address": "random_integer.pet_length",
          "mode": "managed",
          "type": "random_integer",
          "name": "pet_length",
          "provider_name": "registry.terraform.io/hashicorp/random",
          "schema_version": 0,
          "values": {
            "keepers": null,
            "max": 5,
            "min": 1,
            "seed": null
          },
          "sensitive_values": {}
        },
        {
          "address": "random_pet.rando[0]",
          "mode": "managed",
          "type": "random_pet",
          "name": "rando",
          "index": 0,
          "provider_name": "registry.terraform.io/hashicorp/random",
          "schema_version": 0,
          "values": {
            "keepers": null,
            "length": 4,
            "prefix": null,
            "separator": "-"
          },
          "sensitive_values": {}
        },
        {
          "address": "random_pet.rando[1]",
          "mode": "managed",
          "type": "random_pet",
          "name": "rando",
          "index": 1,
          "provider_name": "registry.terraform.io/hashicorp/random",
          "schema_version": 0,
          "values": {
            "keepers": null,
            "length": 4,
            "prefix": null,
            "separator": "-"
          },
          "sensitive_values": {}
        },
        {
          "address": "random_pet.rando[2]",
          "mode": "managed",
          "type": "random_pet",
          "name": "rando",
          "index": 2,
          "provider_name": "registry.terraform.io/hashicorp/random",
          "schema_version": 0,
          "values": {
            "keepers": null,
            "length": 4,
            "prefix": null,
            "separator": "-"
          },
          "sensitive_values": {}
        },
        {
          "address": "random_pet.rando[3]",
          "mode": "managed",
          "type": "random_pet",
          "name": "rando",
          "index": 3,
          "provider_name": "registry.terraform.io/hashicorp/random",
          "schema_version": 0,
          "values": {
            "keepers": null,
            "length": 4,
            "prefix": null,
            "separator": "-"
          },
          "sensitive_values": {}
        },
        {
          "address": "time_rotating.moar_pets",
          "mode": "managed",
          "type": "time_rotating",
          "name": "moar_pets",
          "provider_name": "registry.terraform.io/hashicorp/time",
          "schema_version": 0,
          "values": {
            "rotation_days": 30,
            "rotation_hours": null,
            "rotation_minutes": null,
            "rotation_months": null,
            "rotation_years": null,
            "triggers": null
          },
          "sensitive_values": {}
        }
      ]
    }
  },
  "resource_changes": [
    {
      "address": "random_integer.pet_length",
      "mode": "managed",
      "type": "random_integer",
      "name": "pet_length",
      "provider_name": "registry.terraform.io/hashicorp/random",
      "change": {
        "actions": [
          "delete",
          "create"
        ],
        "before": {
          "id": "2",
          "keepers": null,
          "max": 5,
          "min": 2,
          "result": 2,
          "seed": null
        },
        "after": {
          "keepers": null,
          "max": 5,
          "min": 1,
          "seed": null
        },
        "after_unknown": {
          "id": true,
          "result": true
        },
        "before_sensitive": {},
        "after_sensitive": {},
        "replace_paths": [
          [
            "min"
          ]
        ]
      },
      "action_reason": "replace_because_cannot_update"
    },
    {
      "address": "random_pet.rando[0]",
      "mode": "managed",
      "type": "random_pet",
      "name": "rando",
      "index": 0,
      "provider_name": "registry.terraform.io/hashicorp/random",
      "change": {
        "actions": [
          "delete",
          "create"
        ],
        "before": {
          "id": "selected-chimp",
          "keepers": null,
          "length": 2,
          "prefix": null,
          "separator": "-"
        },
        "after": {
          "keepers": null,
          "length": 4,
          "prefix": null,
          "separator": "-"
        },
        "after_unknown": {
          "id": true
        },
        "before_sensitive": {},
        "after_sensitive": {},
        "replace_paths": [
          [
            "length"
          ]
        ]
      },
      "action_reason": "replace_because_cannot_update"
    },
    {
      "address": "random_pet.rando[1]",
      "mode": "managed",
      "type": "random_pet",
      "name": "rando",
      "index": 1,
      "provider_name": "registry.terraform.io/hashicorp/random",
      "change": {
        "actions": [
          "delete",
          "create"
        ],
        "before": {
          "id": "regular-kodiak",
          "keepers": null,
          "length": 2,
          "prefix": null,
          "separator": "-"
        },
        "after": {
          "keepers": null,
          "length": 4,
          "prefix": null,
          "separator": "-"
        },
        "after_unknown": {
          "id": true
        },
        "before_sensitive": {},
        "after_sensitive": {},
        "replace_paths": [
          [
            "length"
          ]
        ]
      },
      "action_reason": "replace_because_cannot_update"
    },
    {
      "address": "random_pet.rando[2]",
      "mode": "managed",
      "type": "random_pet",
      "name": "rando",
      "index": 2,
      "provider_name": "registry.terraform.io/hashicorp/random",
      "change": {
        "actions": [
          "delete",
          "create"
        ],
        "before": {
          "id": "fit-crappie",
          "keepers": null,
          "length": 2,
          "prefix": null,
          "separator": "-"
        },
        "after": {
          "keepers": null,
          "length": 4,
          "prefix": null,
          "separator": "-"
        },
        "after_unknown": {
          "id": true
        },
        "before_sensitive": {},
        "after_sensitive": {},
        "replace_paths": [
          [
            "length"
          ]
        ]
      },
      "action_reason": "replace_because_cannot_update"
    },
    {
      "address": "random_pet.rando[3]",
      "mode": "managed",
      "type": "random_pet",
      "name": "rando",
      "index": 3,
      "provider_name": "registry.terraform.io/hashicorp/random",
      "change": {
        "actions": [
          "delete",
          "create"
        ],
        "before": {
          "id": "meet-jaguar",
          "keepers": null,
          "length": 2,
          "prefix": null,
          "separator": "-"
        },
        "after": {
          "keepers": null,
          "length": 4,
          "prefix": null,
          "separator": "-"
        },
        "after_unknown": {
          "id": true
        },
        "before_sensitive": {},
        "after_sensitive": {},
        "replace_paths": [
          [
            "length"
          ]
        ]
      },
      "action_reason": "replace_because_cannot_update"
    },
    {
      "address": "time_rotating.moar_pets",
      "mode": "managed",
      "type": "time_rotating",
      "name": "moar_pets",
      "provider_name": "registry.terraform.io/hashicorp/time",
      "change": {
        "actions": [
          "create"
        ],
        "before": null,
        "after": {
          "rotation_days": 30,
          "rotation_hours": null,
          "rotation_minutes": null,
          "rotation_months": null,
          "rotation_years": null,
          "triggers": null
        },
        "after_unknown": {
          "day": true,
          "hour": true,
          "id": true,
          "minute": true,
          "month": true,
          "rfc3339": true,
          "rotation_rfc3339": true,
          "second": true,
          "unix": true,
          "year": true
        },
        "before_sensitive": false,
        "after_sensitive": {}
      }
    }
  ],
  "prior_state": {
    "format_version": "1.0",
    "terraform_version": "1.5.3",
    "values": {
      "root_module": {
        "resources": [
          {
            "address": "random_integer.pet_length",
            "mode": "managed",
            "type": "random_integer",
            "name": "pet_length",
            "provider_name": "registry.terraform.io/hashicorp/random",
            "schema_version": 0,
            "values": {
              "id": "2",
              "keepers": null,
              "max": 5,
              "min": 2,
              "result": 2,
              "seed": null
            },
            "sensitive_values": {}
          },
          {
            "address": "random_pet.rando[0]",
            "mode": "managed",
            "type": "random_pet",
            "name": "rando",
            "index": 0,
            "provider_name": "registry.terraform.io/hashicorp/random",
            "schema_version": 0,
            "values": {
              "id": "selected-chimp",
              "keepers": null,
              "length": 2,
              "prefix": null,
              "separator": "-"
            },
            "sensitive_values": {}
          },
          {
            "address": "random_pet.rando[1]",
            "mode": "managed",
            "type": "random_pet",
            "name": "rando",
            "index": 1,
            "provider_name": "registry.terraform.io/hashicorp/random",
            "schema_version": 0,
            "values": {
              "id": "regular-kodiak",
              "keepers": null,
              "length": 2,
              "prefix": null,
              "separator": "-"
            },
            "sensitive_values": {}
          },
          {
            "address": "random_pet.rando[2]",
            "mode": "managed",
            "type": "random_pet",
            "name": "rando",
            "index": 2,
            "provider_name": "registry.terraform.io/hashicorp/random",
            "schema_version": 0,
            "values": {
              "id": "fit-crappie",
              "keepers": null,
              "length": 2,
              "prefix": null,
              "separator": "-"
            },
            "sensitive_values": {}
          },
          {
            "address": "random_pet.rando[3]",
            "mode": "managed",
            "type": "random_pet",
            "name": "rando",
            "index": 3,
            "provider_name": "registry.terraform.io/hashicorp/random",
            "schema_version": 0,
            "values": {
              "id": "meet-jaguar",
              "keepers": null,
              "length": 2,
              "prefix": null,
              "separator": "-"
            },
            "sensitive_values": {}
          }
        ]
      }
    }
  },
  "configuration": {
    "provider_config": {
      "random": {
        "name": "random",
        "full_name": "registry.terraform.io/hashicorp/random"
      },
      "time": {
        "name": "time",
        "full_name": "registry.terraform.io/hashicorp/time"
      }
    },
    "root_module": {
      "resources": [
        {
          "address": "random_integer.pet_length",
          "mode": "managed",
          "type": "random_integer",
          "name": "pet_length",
          "provider_config_key": "random",
          "expressions": {
            "max": {
              "constant_value": 5
            },
            "min": {
              "constant_value": 1
            }
          },
          "schema_version": 0
        },
        {
          "address": "random_pet.rando",
          "mode": "managed",
          "type": "random_pet",
          "name": "rando",
          "provider_config_key": "random",
          "expressions": {
            "length": {
              "constant_value": 4
            }
          },
          "schema_version": 0,
          "count_expression": {
            "constant_value": 4
          }
        },
        {
          "address": "time_rotating.moar_pets",
          "mode": "managed",
          "type": "time_rotating",
          "name": "moar_pets",
          "provider_config_key": "time",
          "expressions": {
            "rotation_days": {
              "constant_value": 30
            }
          },
          "schema_version": 0
        }
      ]
    }
  },
  "timestamp": "2023-07-20T15:11:25Z"
}
